
Microsoft Visual Studio Solution File, Format Version 12.00
# Visual Studio Version 17
VisualStudioVersion = 17.2.32519.379
MinimumVisualStudioVersion = 10.0.40219.1
Project("{FAE04EC0-301F-11D3-BF4B-00C04F79EFBC}") = "TestBT", "TestBT\TestBT.csproj", "{6C317F21-68F2-4EBD-8DE5-3D411E2703B0}"
EndProject
Global
	GlobalSection(SolutionConfigurationPlatforms) = preSolution
		Debug|Any CPU = Debug|Any CPU
		Release|Any CPU = Release|Any CPU
	EndGlobalSection
	GlobalSection(ProjectConfigurationPlatforms) = postSolution
		{6C317F21-68F2-4EBD-8DE5-3D411E2703B0}.Debug|Any CPU.ActiveCfg = Debug|Any CPU
		{6C317F21-68F2-4EBD-8DE5-3D411E2703B0}.Debug|Any CPU.Build.0 = Debug|Any CPU
		{6C317F21-68F2-4EBD-8DE5-3D411E2703B0}.Release|Any CPU.ActiveCfg = Release|Any CPU
		{6C317F21-68F2-4EBD-8DE5-3D411E2703B0}.Release|Any CPU.Build.0 = Release|Any CPU
	EndGlobalSection
	GlobalSection(SolutionProperties) = preSolution
		HideSolutionNode = FALSE
	EndGlobalSection
	GlobalSection(ExtensibilityGlobals) = postSolution
		SolutionGuid = {F9AA6D13-D2B4-430A-8D2B-51A568A28369}
	EndGlobalSection
EndGlobal
